
Microsoft Visual Studio Solution File, Format Version 12.00
# Visual Studio Version 17
VisualStudioVersion = 17.14.36616.10 d17.14
MinimumVisualStudioVersion = 10.0.40219.1
Project("{FAE04EC0-301F-11D3-BF4B-00C04F79EFBC}") = "SporSalonu.Desktop", "SporSalonu.Desktop\SporSalonu.Desktop.csproj", "{4153F19B-B580-4EC4-AD94-527CE05CFC56}"
EndProject
Project("{FAE04EC0-301F-11D3-BF4B-00C04F79EFBC}") = "SporSalonu.Web", "SporSalonu.Web\SporSalonu.Web.csproj", "{BAD1E7A5-01E6-491A-B9CB-7D39AE2A036A}"
EndProject
Project("{2150E333-8FDC-42A3-9474-1A3956D46DE8}") = "DataBase", "DataBase", "{02EA681E-C7D8-13C7-8484-4AC65E1B71E8}"
	ProjectSection(SolutionItems) = preProject
		VeriTabaniTablolari.sql = VeriTabaniTablolari.sql
	EndProjectSection
EndProject
Global
	GlobalSection(SolutionConfigurationPlatforms) = preSolution
		Debug|Any CPU = Debug|Any CPU
		Release|Any CPU = Release|Any CPU
	EndGlobalSection
	GlobalSection(ProjectConfigurationPlatforms) = postSolution
		{4153F19B-B580-4EC4-AD94-527CE05CFC56}.Debug|Any CPU.ActiveCfg = Debug|Any CPU
		{4153F19B-B580-4EC4-AD94-527CE05CFC56}.Debug|Any CPU.Build.0 = Debug|Any CPU
		{4153F19B-B580-4EC4-AD94-527CE05CFC56}.Release|Any CPU.ActiveCfg = Release|Any CPU
		{4153F19B-B580-4EC4-AD94-527CE05CFC56}.Release|Any CPU.Build.0 = Release|Any CPU
		{BAD1E7A5-01E6-491A-B9CB-7D39AE2A036A}.Debug|Any CPU.ActiveCfg = Debug|Any CPU
		{BAD1E7A5-01E6-491A-B9CB-7D39AE2A036A}.Debug|Any CPU.Build.0 = Debug|Any CPU
		{BAD1E7A5-01E6-491A-B9CB-7D39AE2A036A}.Release|Any CPU.ActiveCfg = Release|Any CPU
		{BAD1E7A5-01E6-491A-B9CB-7D39AE2A036A}.Release|Any CPU.Build.0 = Release|Any CPU
	EndGlobalSection
	GlobalSection(SolutionProperties) = preSolution
		HideSolutionNode = FALSE
	EndGlobalSection
	GlobalSection(ExtensibilityGlobals) = postSolution
		SolutionGuid = {5AD7C208-506A-4F17-A4F5-2ACB65B97EAC}
	EndGlobalSection
EndGlobal
